// !$*UTF8*$!
{
	archiveVersion = 1;
	classes = {
	};
	objectVersion = 46;
	objects = {

/* Begin PBXBuildFile section */
		5E9222DE16EBD2CD000929A0 /* UIKit.framework in Frameworks */ = {isa = PBXBuildFile; fileRef = 5E9222DD16EBD2CD000929A0 /* UIKit.framework */; };
		5E9222E016EBD2CD000929A0 /* Foundation.framework in Frameworks */ = {isa = PBXBuildFile; fileRef = 5E9222DF16EBD2CD000929A0 /* Foundation.framework */; };
		5E9222E216EBD2CD000929A0 /* CoreGraphics.framework in Frameworks */ = {isa = PBXBuildFile; fileRef = 5E9222E116EBD2CD000929A0 /* CoreGraphics.framework */; };
		5E9222E816EBD2CD000929A0 /* InfoPlist.strings in Resources */ = {isa = PBXBuildFile; fileRef = 5E9222E616EBD2CD000929A0 /* InfoPlist.strings */; };
		5E9222EA16EBD2CD000929A0 /* main.m in Sources */ = {isa = PBXBuildFile; fileRef = 5E9222E916EBD2CD000929A0 /* main.m */; };
		5E9222EE16EBD2CD000929A0 /* AppDelegate.m in Sources */ = {isa = PBXBuildFile; fileRef = 5E9222ED16EBD2CD000929A0 /* AppDelegate.m */; };
		5E9222F016EBD2CD000929A0 /* Default.png in Resources */ = {isa = PBXBuildFile; fileRef = 5E9222EF16EBD2CD000929A0 /* Default.png */; };
		5E9222F216EBD2CD000929A0 /* Default@2x.png in Resources */ = {isa = PBXBuildFile; fileRef = 5E9222F116EBD2CD000929A0 /* Default@2x.png */; };
		5E9222F416EBD2CD000929A0 /* Default-568h@2x.png in Resources */ = {isa = PBXBuildFile; fileRef = 5E9222F316EBD2CD000929A0 /* Default-568h@2x.png */; };
		5E9222F716EBD2CD000929A0 /* MainStoryboard.storyboard in Resources */ = {isa = PBXBuildFile; fileRef = 5E9222F516EBD2CD000929A0 /* MainStoryboard.storyboard */; };
		5E9222FA16EBD2CD000929A0 /* ViewController.m in Sources */ = {isa = PBXBuildFile; fileRef = 5E9222F916EBD2CD000929A0 /* ViewController.m */; };
		5E92230116EBD552000929A0 /* 212boxerrunning.ashx.jpeg in Resources */ = {isa = PBXBuildFile; fileRef = 5E92230016EBD552000929A0 /* 212boxerrunning.ashx.jpeg */; };
		5E92230716EBDC31000929A0 /* InfoPlist.strings in Resources */ = {isa = PBXBuildFile; fileRef = 5E92230316EBDC31000929A0 /* InfoPlist.strings */; };
		5E92230816EBDC31000929A0 /* MainStoryboard.storyboard in Resources */ = {isa = PBXBuildFile; fileRef = 5E92230516EBDC31000929A0 /* MainStoryboard.storyboard */; };
		5E92230A16EBDC76000929A0 /* bordercollie.jpg in Resources */ = {isa = PBXBuildFile; fileRef = 5E92230916EBDC76000929A0 /* bordercollie.jpg */; };
		5E92230C16EBE543000929A0 /* dogpark_57.png in Resources */ = {isa = PBXBuildFile; fileRef = 5E92230B16EBE543000929A0 /* dogpark_57.png */; };
		5E92230E16EBE547000929A0 /* dogpark_114.png in Resources */ = {isa = PBXBuildFile; fileRef = 5E92230D16EBE547000929A0 /* dogpark_114.png */; };
/* End PBXBuildFile section */

/* Begin PBXFileReference section */
		5E9222DA16EBD2CD000929A0 /* DogPark.app */ = {isa = PBXFileReference; explicitFileType = wrapper.application; includeInIndex = 0; path = DogPark.app; sourceTree = BUILT_PRODUCTS_DIR; };
		5E9222DD16EBD2CD000929A0 /* UIKit.framework */ = {isa = PBXFileReference; lastKnownFileType = wrapper.framework; name = UIKit.framework; path = System/Library/Frameworks/UIKit.framework; sourceTree = SDKROOT; };
		5E9222DF16EBD2CD000929A0 /* Foundation.framework */ = {isa = PBXFileReference; lastKnownFileType = wrapper.framework; name = Foundation.framework; path = System/Library/Frameworks/Foundation.framework; sourceTree = SDKROOT; };
		5E9222E116EBD2CD000929A0 /* CoreGraphics.framework */ = {isa = PBXFileReference; lastKnownFileType = wrapper.framework; name = CoreGraphics.framework; path = System/Library/Frameworks/CoreGraphics.framework; sourceTree = SDKROOT; };
		5E9222E516EBD2CD000929A0 /* DogPark-Info.plist */ = {isa = PBXFileReference; lastKnownFileType = text.plist.xml; path = "DogPark-Info.plist"; sourceTree = "<group>"; };
		5E9222E716EBD2CD000929A0 /* en */ = {isa = PBXFileReference; lastKnownFileType = text.plist.strings; name = en; path = en.lproj/InfoPlist.strings; sourceTree = "<group>"; };
		5E9222E916EBD2CD000929A0 /* main.m */ = {isa = PBXFileReference; lastKnownFileType = sourcecode.c.objc; path = main.m; sourceTree = "<group>"; };
		5E9222EB16EBD2CD000929A0 /* DogPark-Prefix.pch */ = {isa = PBXFileReference; lastKnownFileType = sourcecode.c.h; path = "DogPark-Prefix.pch"; sourceTree = "<group>"; };
		5E9222EC16EBD2CD000929A0 /* AppDelegate.h */ = {isa = PBXFileReference; lastKnownFileType = sourcecode.c.h; path = AppDelegate.h; sourceTree = "<group>"; };
		5E9222ED16EBD2CD000929A0 /* AppDelegate.m */ = {isa = PBXFileReference; lastKnownFileType = sourcecode.c.objc; path = AppDelegate.m; sourceTree = "<group>"; };
		5E9222EF16EBD2CD000929A0 /* Default.png */ = {isa = PBXFileReference; lastKnownFileType = image.png; path = Default.png; sourceTree = "<group>"; };
		5E9222F116EBD2CD000929A0 /* Default@2x.png */ = {isa = PBXFileReference; lastKnownFileType = image.png; path = "Default@2x.png"; sourceTree = "<group>"; };
		5E9222F316EBD2CD000929A0 /* Default-568h@2x.png */ = {isa = PBXFileReference; lastKnownFileType = image.png; path = "Default-568h@2x.png"; sourceTree = "<group>"; };
		5E9222F616EBD2CD000929A0 /* en */ = {isa = PBXFileReference; lastKnownFileType = file.storyboard; name = en; path = en.lproj/MainStoryboard.storyboard; sourceTree = "<group>"; };
		5E9222F816EBD2CD000929A0 /* ViewController.h */ = {isa = PBXFileReference; lastKnownFileType = sourcecode.c.h; path = ViewController.h; sourceTree = "<group>"; };
		5E9222F916EBD2CD000929A0 /* ViewController.m */ = {isa = PBXFileReference; lastKnownFileType = sourcecode.c.objc; path = ViewController.m; sourceTree = "<group>"; };
		5E92230016EBD552000929A0 /* 212boxerrunning.ashx.jpeg */ = {isa = PBXFileReference; lastKnownFileType = image.jpeg; path = 212boxerrunning.ashx.jpeg; sourceTree = "<group>"; };
		5E92230416EBDC31000929A0 /* en */ = {isa = PBXFileReference; lastKnownFileType = text.plist.strings; name = en; path = InfoPlist.strings; sourceTree = "<group>"; };
		5E92230616EBDC31000929A0 /* en */ = {isa = PBXFileReference; lastKnownFileType = file.storyboard; name = en; path = MainStoryboard.storyboard; sourceTree = "<group>"; };
		5E92230916EBDC76000929A0 /* bordercollie.jpg */ = {isa = PBXFileReference; lastKnownFileType = image.jpeg; path = bordercollie.jpg; sourceTree = "<group>"; };
		5E92230B16EBE543000929A0 /* dogpark_57.png */ = {isa = PBXFileReference; lastKnownFileType = image.png; path = dogpark_57.png; sourceTree = "<group>"; };
		5E92230D16EBE547000929A0 /* dogpark_114.png */ = {isa = PBXFileReference; lastKnownFileType = image.png; path = dogpark_114.png; sourceTree = "<group>"; };
/* End PBXFileReference section */

/* Begin PBXFrameworksBuildPhase section */
		5E9222D716EBD2CD000929A0 /* Frameworks */ = {
			isa = PBXFrameworksBuildPhase;
			buildActionMask = 2147483647;
			files = (
				5E9222DE16EBD2CD000929A0 /* UIKit.framework in Frameworks */,
				5E9222E016EBD2CD000929A0 /* Foundation.framework in Frameworks */,
				5E9222E216EBD2CD000929A0 /* CoreGraphics.framework in Frameworks */,
			);
			runOnlyForDeploymentPostprocessing = 0;
		};
/* End PBXFrameworksBuildPhase section */

/* Begin PBXGroup section */
		5E9222D116EBD2CD000929A0 = {
			isa = PBXGroup;
			children = (
				5E92230D16EBE547000929A0 /* dogpark_114.png */,
				5E92230B16EBE543000929A0 /* dogpark_57.png */,
				5E9222E316EBD2CD000929A0 /* DogPark */,
				5E9222DC16EBD2CD000929A0 /* Frameworks */,
				5E9222DB16EBD2CD000929A0 /* Products */,
			);
			sourceTree = "<group>";
		};
		5E9222DB16EBD2CD000929A0 /* Products */ = {
			isa = PBXGroup;
			children = (
				5E9222DA16EBD2CD000929A0 /* DogPark.app */,
			);
			name = Products;
			sourceTree = "<group>";
		};
		5E9222DC16EBD2CD000929A0 /* Frameworks */ = {
			isa = PBXGroup;
			children = (
				5E9222DD16EBD2CD000929A0 /* UIKit.framework */,
				5E9222DF16EBD2CD000929A0 /* Foundation.framework */,
				5E9222E116EBD2CD000929A0 /* CoreGraphics.framework */,
			);
			name = Frameworks;
			sourceTree = "<group>";
		};
		5E9222E316EBD2CD000929A0 /* DogPark */ = {
			isa = PBXGroup;
			children = (
				5E9222EC16EBD2CD000929A0 /* AppDelegate.h */,
				5E9222ED16EBD2CD000929A0 /* AppDelegate.m */,
				5E9222F516EBD2CD000929A0 /* MainStoryboard.storyboard */,
				5E9222F816EBD2CD000929A0 /* ViewController.h */,
				5E9222F916EBD2CD000929A0 /* ViewController.m */,
				5E9222E416EBD2CD000929A0 /* Supporting Files */,
			);
			path = DogPark;
			sourceTree = "<group>";
		};
		5E9222E416EBD2CD000929A0 /* Supporting Files */ = {
			isa = PBXGroup;
			children = (
				5E92230916EBDC76000929A0 /* bordercollie.jpg */,
				5E92230216EBDC31000929A0 /* en.lproj */,
				5E92230016EBD552000929A0 /* 212boxerrunning.ashx.jpeg */,
				5E9222E516EBD2CD000929A0 /* DogPark-Info.plist */,
				5E9222E616EBD2CD000929A0 /* InfoPlist.strings */,
				5E9222E916EBD2CD000929A0 /* main.m */,
				5E9222EB16EBD2CD000929A0 /* DogPark-Prefix.pch */,
				5E9222EF16EBD2CD000929A0 /* Default.png */,
				5E9222F116EBD2CD000929A0 /* Default@2x.png */,
				5E9222F316EBD2CD000929A0 /* Default-568h@2x.png */,
			);
			name = "Supporting Files";
			sourceTree = "<group>";
		};
		5E92230216EBDC31000929A0 /* en.lproj */ = {
			isa = PBXGroup;
			children = (
				5E92230316EBDC31000929A0 /* InfoPlist.strings */,
				5E92230516EBDC31000929A0 /* MainStoryboard.storyboard */,
			);
			path = en.lproj;
			sourceTree = "<group>";
		};
/* End PBXGroup section */

/* Begin PBXNativeTarget section */
		5E9222D916EBD2CD000929A0 /* DogPark */ = {
			isa = PBXNativeTarget;
			buildConfigurationList = 5E9222FD16EBD2CD000929A0 /* Build configuration list for PBXNativeTarget "DogPark" */;
			buildPhases = (
				5E9222D616EBD2CD000929A0 /* Sources */,
				5E9222D716EBD2CD000929A0 /* Frameworks */,
				5E9222D816EBD2CD000929A0 /* Resources */,
			);
			buildRules = (
			);
			dependencies = (
			);
			name = DogPark;
			productName = DogPark;
			productReference = 5E9222DA16EBD2CD000929A0 /* DogPark.app */;
			productType = "com.apple.product-type.application";
		};
/* End PBXNativeTarget section */

/* Begin PBXProject section */
		5E9222D216EBD2CD000929A0 /* Project object */ = {
			isa = PBXProject;
			attributes = {
				LastUpgradeCheck = 0460;
				ORGANIZATIONNAME = GlitterExplosions;
			};
			buildConfigurationList = 5E9222D516EBD2CD000929A0 /* Build configuration list for PBXProject "DogPark" */;
			compatibilityVersion = "Xcode 3.2";
			developmentRegion = English;
			hasScannedForEncodings = 0;
			knownRegions = (
				en,
			);
			mainGroup = 5E9222D116EBD2CD000929A0;
			productRefGroup = 5E9222DB16EBD2CD000929A0 /* Products */;
			projectDirPath = "";
			projectRoot = "";
			targets = (
				5E9222D916EBD2CD000929A0 /* DogPark */,
			);
		};
/* End PBXProject section */

/* Begin PBXResourcesBuildPhase section */
		5E9222D816EBD2CD000929A0 /* Resources */ = {
			isa = PBXResourcesBuildPhase;
			buildActionMask = 2147483647;
			files = (
				5E9222E816EBD2CD000929A0 /* InfoPlist.strings in Resources */,
				5E9222F016EBD2CD000929A0 /* Default.png in Resources */,
				5E9222F216EBD2CD000929A0 /* Default@2x.png in Resources */,
				5E9222F416EBD2CD000929A0 /* Default-568h@2x.png in Resources */,
				5E9222F716EBD2CD000929A0 /* MainStoryboard.storyboard in Resources */,
				5E92230116EBD552000929A0 /* 212boxerrunning.ashx.jpeg in Resources */,
				5E92230716EBDC31000929A0 /* InfoPlist.strings in Resources */,
				5E92230816EBDC31000929A0 /* MainStoryboard.storyboard in Resources */,
				5E92230A16EBDC76000929A0 /* bordercollie.jpg in Resources */,
				5E92230C16EBE543000929A0 /* dogpark_57.png in Resources */,
				5E92230E16EBE547000929A0 /* dogpark_114.png in Resources */,
			);
			runOnlyForDeploymentPostprocessing = 0;
		};
/* End PBXResourcesBuildPhase section */

/* Begin PBXSourcesBuildPhase section */
		5E9222D616EBD2CD000929A0 /* Sources */ = {
			isa = PBXSourcesBuildPhase;
			buildActionMask = 2147483647;
			files = (
				5E9222EA16EBD2CD000929A0 /* main.m in Sources */,
				5E9222EE16EBD2CD000929A0 /* AppDelegate.m in Sources */,
				5E9222FA16EBD2CD000929A0 /* ViewController.m in Sources */,
			);
			runOnlyForDeploymentPostprocessing = 0;
		};
/* End PBXSourcesBuildPhase section */

/* Begin PBXVariantGroup section */
		5E9222E616EBD2CD000929A0 /* InfoPlist.strings */ = {
			isa = PBXVariantGroup;
			children = (
				5E9222E716EBD2CD000929A0 /* en */,
			);
			name = InfoPlist.strings;
			sourceTree = "<group>";
		};
		5E9222F516EBD2CD000929A0 /* MainStoryboard.storyboard */ = {
			isa = PBXVariantGroup;
			children = (
				5E9222F616EBD2CD000929A0 /* en */,
			);
			name = MainStoryboard.storyboard;
			sourceTree = "<group>";
		};
		5E92230316EBDC31000929A0 /* InfoPlist.strings */ = {
			isa = PBXVariantGroup;
			children = (
				5E92230416EBDC31000929A0 /* en */,
			);
			name = InfoPlist.strings;
			sourceTree = "<group>";
		};
		5E92230516EBDC31000929A0 /* MainStoryboard.storyboard */ = {
			isa = PBXVariantGroup;
			children = (
				5E92230616EBDC31000929A0 /* en */,
			);
			name = MainStoryboard.storyboard;
			sourceTree = "<group>";
		};
/* End PBXVariantGroup section */

/* Begin XCBuildConfiguration section */
		5E9222FB16EBD2CD000929A0 /* Debug */ = {
			isa = XCBuildConfiguration;
			buildSettings = {
				ALWAYS_SEARCH_USER_PATHS = NO;
				CLANG_CXX_LANGUAGE_STANDARD = "gnu++0x";
				CLANG_CXX_LIBRARY = "libc++";
				CLANG_ENABLE_OBJC_ARC = YES;
				CLANG_WARN_CONSTANT_CONVERSION = YES;
				CLANG_WARN_EMPTY_BODY = YES;
				CLANG_WARN_ENUM_CONVERSION = YES;
				CLANG_WARN_INT_CONVERSION = YES;
				CLANG_WARN__DUPLICATE_METHOD_MATCH = YES;
				"CODE_SIGN_IDENTITY[sdk=iphoneos*]" = "iPhone Developer";
				COPY_PHASE_STRIP = NO;
				GCC_C_LANGUAGE_STANDARD = gnu99;
				GCC_DYNAMIC_NO_PIC = NO;
				GCC_OPTIMIZATION_LEVEL = 0;
				GCC_PREPROCESSOR_DEFINITIONS = (
					"DEBUG=1",
					"$(inherited)",
				);
				GCC_SYMBOLS_PRIVATE_EXTERN = NO;
				GCC_WARN_ABOUT_RETURN_TYPE = YES;
				GCC_WARN_UNINITIALIZED_AUTOS = YES;
				GCC_WARN_UNUSED_VARIABLE = YES;
				IPHONEOS_DEPLOYMENT_TARGET = 6.1;
				ONLY_ACTIVE_ARCH = YES;
				SDKROOT = iphoneos;
			};
			name = Debug;
		};
		5E9222FC16EBD2CD000929A0 /* Release */ = {
			isa = XCBuildConfiguration;
			buildSettings = {
				ALWAYS_SEARCH_USER_PATHS = NO;
				CLANG_CXX_LANGUAGE_STANDARD = "gnu++0x";
				CLANG_CXX_LIBRARY = "libc++";
				CLANG_ENABLE_OBJC_ARC = YES;
				CLANG_WARN_CONSTANT_CONVERSION = YES;
				CLANG_WARN_EMPTY_BODY = YES;
				CLANG_WARN_ENUM_CONVERSION = YES;
				CLANG_WARN_INT_CONVERSION = YES;
				CLANG_WARN__DUPLICATE_METHOD_MATCH = YES;
				"CODE_SIGN_IDENTITY[sdk=iphoneos*]" = "iPhone Developer";
				COPY_PHASE_STRIP = YES;
				GCC_C_LANGUAGE_STANDARD = gnu99;
				GCC_WARN_ABOUT_RETURN_TYPE = YES;
				GCC_WARN_UNINITIALIZED_AUTOS = YES;
				GCC_WARN_UNUSED_VARIABLE = YES;
				IPHONEOS_DEPLOYMENT_TARGET = 6.1;
				OTHER_CFLAGS = "-DNS_BLOCK_ASSERTIONS=1";
				SDKROOT = iphoneos;
				VALIDATE_PRODUCT = YES;
			};
			name = Release;
		};
		5E9222FE16EBD2CD000929A0 /* Debug */ = {
			isa = XCBuildConfiguration;
			buildSettings = {
				GCC_PRECOMPILE_PREFIX_HEADER = YES;
				GCC_PREFIX_HEADER = "DogPark/DogPark-Prefix.pch";
				INFOPLIST_FILE = "DogPark/DogPark-Info.plist";
				PRODUCT_NAME = "$(TARGET_NAME)";
				WRAPPER_EXTENSION = app;
			};
			name = Debug;
		};
		5E9222FF16EBD2CD000929A0 /* Release */ = {
			isa = XCBuildConfiguration;
			buildSettings = {
				GCC_PRECOMPILE_PREFIX_HEADER = YES;
				GCC_PREFIX_HEADER = "DogPark/DogPark-Prefix.pch";
				INFOPLIST_FILE = "DogPark/DogPark-Info.plist";
				PRODUCT_NAME = "$(TARGET_NAME)";
				WRAPPER_EXTENSION = app;
			};
			name = Release;
		};
/* End XCBuildConfiguration section */

/* Begin XCConfigurationList section */
		5E9222D516EBD2CD000929A0 /* Build configuration list for PBXProject "DogPark" */ = {
			isa = XCConfigurationList;
			buildConfigurations = (
				5E9222FB16EBD2CD000929A0 /* Debug */,
				5E9222FC16EBD2CD000929A0 /* Release */,
			);
			defaultConfigurationIsVisible = 0;
			defaultConfigurationName = Release;
		};
		5E9222FD16EBD2CD000929A0 /* Build configuration list for PBXNativeTarget "DogPark" */ = {
			isa = XCConfigurationList;
			buildConfigurations = (
				5E9222FE16EBD2CD000929A0 /* Debug */,
				5E9222FF16EBD2CD000929A0 /* Release */,
			);
			defaultConfigurationIsVisible = 0;
		};
/* End XCConfigurationList section */
	};
	rootObject = 5E9222D216EBD2CD000929A0 /* Project object */;
}
